Microsoft Visual Studio Solution File, Format Version 12.00
# Visual Studio Version 17
VisualStudioVersion = 17.5.2.0
MinimumVisualStudioVersion = 10.0.40219.1
Project("{FAE04EC0-301F-11D3-BF4B-00C04F79EFBC}") = "epoch-calculator", "epoch-calculator.csproj", "{39AB669E-7260-6D8D-5DE7-733288622060}"
EndProject
Global
	GlobalSection(SolutionConfigurationPlatforms) = preSolution
		Debug|Any CPU = Debug|Any CPU
		Release|Any CPU = Release|Any CPU
	EndGlobalSection
	GlobalSection(ProjectConfigurationPlatforms) = postSolution
		{39AB669E-7260-6D8D-5DE7-733288622060}.Debug|Any CPU.ActiveCfg = Debug|Any CPU
		{39AB669E-7260-6D8D-5DE7-733288622060}.Debug|Any CPU.Build.0 = Debug|Any CPU
		{39AB669E-7260-6D8D-5DE7-733288622060}.Release|Any CPU.ActiveCfg = Release|Any CPU
		{39AB669E-7260-6D8D-5DE7-733288622060}.Release|Any CPU.Build.0 = Release|Any CPU
	EndGlobalSection
	GlobalSection(SolutionProperties) = preSolution
		HideSolutionNode = FALSE
	EndGlobalSection
	GlobalSection(ExtensibilityGlobals) = postSolution
		SolutionGuid = {19BA8F43-E98A-4E81-B499-B20B0AEF9BEE}
	EndGlobalSection
EndGlobal
