Microsoft Visual Studio Solution File, Format Version 12.00
# Visual Studio Version 17
VisualStudioVersion = 17.5.2.0
MinimumVisualStudioVersion = 10.0.40219.1
Project("{FAE04EC0-301F-11D3-BF4B-00C04F79EFBC}") = "celsius_to_farenheit", "celsius_to_farenheit.csproj", "{AB76E29B-F28A-38AD-C925-E015ACA592A4}"
EndProject
Global
	GlobalSection(SolutionConfigurationPlatforms) = preSolution
		Debug|Any CPU = Debug|Any CPU
		Release|Any CPU = Release|Any CPU
	EndGlobalSection
	GlobalSection(ProjectConfigurationPlatforms) = postSolution
		{AB76E29B-F28A-38AD-C925-E015ACA592A4}.Debug|Any CPU.ActiveCfg = Debug|Any CPU
		{AB76E29B-F28A-38AD-C925-E015ACA592A4}.Debug|Any CPU.Build.0 = Debug|Any CPU
		{AB76E29B-F28A-38AD-C925-E015ACA592A4}.Release|Any CPU.ActiveCfg = Release|Any CPU
		{AB76E29B-F28A-38AD-C925-E015ACA592A4}.Release|Any CPU.Build.0 = Release|Any CPU
	EndGlobalSection
	GlobalSection(SolutionProperties) = preSolution
		HideSolutionNode = FALSE
	EndGlobalSection
	GlobalSection(ExtensibilityGlobals) = postSolution
		SolutionGuid = {21C3BD1D-1469-420A-9176-CAA53D2C14BF}
	EndGlobalSection
EndGlobal
